# This file is automatically @generated by Cargo.
# It is not intended for manual editing.
version = 4

[[package]]
name = "celestia"
version = "0.1.0"

[[package]]
name = "celestia_core"
version = "0.1.0"

[[package]]
name = "celestia_dashboard"
version = "0.1.0"

[[package]]
name = "celestia_db"
version = "0.1.0"
